Microsoft Visual Studio Solution File, Format Version 11.00
# Visual Studio 2008

Project("{28AB02EF-6E55-32F2-E681-59947C08D145}") = "Unity Titi", "Assembly-CSharp.csproj", "{9579C512-709D-5B34-1C81-4F5D2CFC1BC2}"
EndProject
Project("{28AB02EF-6E55-32F2-E681-59947C08D145}") = "Unity Titi", "Assembly-UnityScript.unityproj", "{3F626169-0AC4-1425-CFDE-FEB4ED519D24}"
EndProject
Global
	GlobalSection(SolutionConfigurationPlatforms) = preSolution
		Debug|Any CPU = Debug|Any CPU
		Release|Any CPU = Release|Any CPU
	EndGlobalSection
	GlobalSection(ProjectConfigurationPlatforms) = postSolution
		{9579C512-709D-5B34-1C81-4F5D2CFC1BC2}.Debug|Any CPU.ActiveCfg = Debug|Any CPU
		{9579C512-709D-5B34-1C81-4F5D2CFC1BC2}.Debug|Any CPU.Build.0 = Debug|Any CPU
		{9579C512-709D-5B34-1C81-4F5D2CFC1BC2}.Release|Any CPU.ActiveCfg = Release|Any CPU
		{9579C512-709D-5B34-1C81-4F5D2CFC1BC2}.Release|Any CPU.Build.0 = Release|Any CPU
		{3F626169-0AC4-1425-CFDE-FEB4ED519D24}.Debug|Any CPU.ActiveCfg = Debug|Any CPU
		{3F626169-0AC4-1425-CFDE-FEB4ED519D24}.Debug|Any CPU.Build.0 = Debug|Any CPU
		{3F626169-0AC4-1425-CFDE-FEB4ED519D24}.Release|Any CPU.ActiveCfg = Release|Any CPU
		{3F626169-0AC4-1425-CFDE-FEB4ED519D24}.Release|Any CPU.Build.0 = Release|Any CPU
	EndGlobalSection
	GlobalSection(SolutionProperties) = preSolution
		HideSolutionNode = FALSE
	EndGlobalSection
													GlobalSection(MonoDevelopProperties) = preSolution
		StartupItem = Assembly-CSharp.csproj
		Policies = $0
		$0.TextStylePolicy = $1
		$1.inheritsSet = null
		$1.scope = text/x-csharp
		$0.CSharpFormattingPolicy = $2
		$2.inheritsSet = Mono
		$2.inheritsScope = text/x-csharp
		$2.scope = text/x-csharp
		$0.TextStylePolicy = $3
		$3.FileWidth = 120
		$3.TabWidth = 4
		$3.EolMarker = Unix
		$3.inheritsSet = Mono
		$3.inheritsScope = text/plain
		$3.scope = text/plain
	EndGlobalSection

EndGlobal
